
Microsoft Visual Studio Solution File, Format Version 12.00
# Visual Studio Version 17
VisualStudioVersion = 17.3.32929.385
MinimumVisualStudioVersion = 10.0.40219.1
Project("{FAE04EC0-301F-11D3-BF4B-00C04F79EFBC}") = "Universidad", "Universidad.csproj", "{671B63DC-3651-4FC9-80D7-2DEEA7DD3557}"
EndProject
Global
	GlobalSection(SolutionConfigurationPlatforms) = preSolution
		Debug|Any CPU = Debug|Any CPU
		Release|Any CPU = Release|Any CPU
	EndGlobalSection
	GlobalSection(ProjectConfigurationPlatforms) = postSolution
		{671B63DC-3651-4FC9-80D7-2DEEA7DD3557}.Debug|Any CPU.ActiveCfg = Debug|Any CPU
		{671B63DC-3651-4FC9-80D7-2DEEA7DD3557}.Debug|Any CPU.Build.0 = Debug|Any CPU
		{671B63DC-3651-4FC9-80D7-2DEEA7DD3557}.Release|Any CPU.ActiveCfg = Release|Any CPU
		{671B63DC-3651-4FC9-80D7-2DEEA7DD3557}.Release|Any CPU.Build.0 = Release|Any CPU
	EndGlobalSection
	GlobalSection(SolutionProperties) = preSolution
		HideSolutionNode = FALSE
	EndGlobalSection
	GlobalSection(ExtensibilityGlobals) = postSolution
		SolutionGuid = {3ED91D0A-0460-4FD2-8364-892051F8AEF4}
	EndGlobalSection
EndGlobal
